# This file is automatically @generated by Poetry 2.1.4 and should not be changed by hand.

[[package]]
name = "mobase-stubs"
version = "2.5.2"
description = "PEP561 stub files for the mobase Python API."
optional = false
python-versions = "<4.0,>=3.12"
groups = ["main"]
files = [
    {file = "mobase_stubs-2.5.2-py3-none-any.whl", hash = "sha256:6a2c1c95494e7dc0d0f51d4f8f178423c0d9904f823f3c44845315bff304b948"},
    {file = "mobase_stubs-2.5.2.tar.gz", hash = "sha256:70c15579828df3bce01746e51fee07176390cdc386facea2b156ea04b3de055c"},
]

[[package]]
name = "pyqt6"
version = "6.9.1"
description = "Python bindings for the Qt cross platform application toolkit"
optional = false
python-versions = ">=3.9"
groups = ["main"]
files = [
    {file = "pyqt6-6.9.1-cp39-abi3-macosx_10_14_universal2.whl", hash = "sha256:33c23d28f6608747ecc8bfd04c8795f61631af9db4fb1e6c2a7523ec4cc916d9"},
    {file = "pyqt6-6.9.1-cp39-abi3-manylinux_2_28_x86_64.whl", hash = "sha256:37884df27f774e2e1c0c96fa41e817a222329b80ffc6241725b0dc8c110acb35"},
    {file = "pyqt6-6.9.1-cp39-abi3-manylinux_2_39_aarch64.whl", hash = "sha256:055870b703c1a49ca621f8a89e2ec4d848e6c739d39367eb9687af3b056d9aa3"},
    {file = "pyqt6-6.9.1-cp39-abi3-win_amd64.whl", hash = "sha256:15b95bd273bb6288b070ed7a9503d5ff377aa4882dd6d175f07cad28cdb21da0"},
    {file = "pyqt6-6.9.1-cp39-abi3-win_arm64.whl", hash = "sha256:08792c72d130a02e3248a120f0b9bbb4bf4319095f92865bc5b365b00518f53d"},
    {file = "pyqt6-6.9.1.tar.gz", hash = "sha256:50642be03fb40f1c2111a09a1f5a0f79813e039c15e78267e6faaf8a96c1c3a6"},
]

[package.dependencies]
PyQt6-Qt6 = ">=6.9.0,<6.10.0"
PyQt6-sip = ">=13.8,<14"

[[package]]
name = "pyqt6-qt6"
version = "6.9.2"
description = "The subset of a Qt installation needed by PyQt6."
optional = false
python-versions = "*"
groups = ["main"]
files = [
    {file = "pyqt6_qt6-6.9.2-py3-none-macosx_10_14_x86_64.whl", hash = "sha256:183b62be49216da80c7df1931d74885610a88f74812489d29610d13b7c215a1c"},
    {file = "pyqt6_qt6-6.9.2-py3-none-macosx_11_0_arm64.whl", hash = "sha256:7897fb74ee21bdc87b5ccf84e94f4a551377e792fd180a9211c17eb41c3338a3"},
    {file = "pyqt6_qt6-6.9.2-py3-none-manylinux_2_28_x86_64.whl", hash = "sha256:9abfc0ee4a8293a6442128ae3f87f68e82e2a949d7b9caabd98c86ba5679ab48"},
    {file = "pyqt6_qt6-6.9.2-py3-none-manylinux_2_39_aarch64.whl", hash = "sha256:940aac6462532578e8ddefe0494cd17e33a85e0f3cfb21c612f56ab9ad7bc871"},
    {file = "pyqt6_qt6-6.9.2-py3-none-win_amd64.whl", hash = "sha256:f9289768039bef4a63e5949b7f8cfbbddc3b6d24bd58c21ba0f2921bed8d1c08"},
    {file = "pyqt6_qt6-6.9.2-py3-none-win_arm64.whl", hash = "sha256:8f82944ef68c8f8c78aa8eca4832c7bc05116c6de00a3bad8af5a0d63d1caafb"},
]

[[package]]
name = "pyqt6-sip"
version = "13.8.0"
description = "The sip module support for PyQt6"
optional = false
python-versions = ">=3.8"
groups = ["main"]
files = [
    {file = "PyQt6_sip-13.8.0-cp310-cp310-macosx_10_9_universal2.whl", hash = "sha256:cedd554c643e54c4c2e12b5874781a87441a1b405acf3650a4a2e1df42aae231"},
    {file = "PyQt6_sip-13.8.0-cp310-cp310-manylinux_2_17_aarch64.manylinux2014_aarch64.whl", hash = "sha256:f57275b5af774529f9838adcfb58869ba3ebdaf805daea113bb0697a96a3f3cb"},
    {file = "PyQt6_sip-13.8.0-cp310-cp310-manylinux_2_5_x86_64.manylinux1_x86_64.whl", hash = "sha256:835ed22eab977f75fd77e60d4ff308a1fa794b1d0c04849311f36d2a080cdf3b"},
    {file = "PyQt6_sip-13.8.0-cp310-cp310-win_amd64.whl", hash = "sha256:d8b22a6850917c68ce83fc152a8b606ecb2efaaeed35be53110468885d6cdd9d"},
    {file = "PyQt6_sip-13.8.0-cp311-cp311-macosx_10_9_universal2.whl", hash = "sha256:b203b6fbae4a8f2d27f35b7df46200057033d9ecd9134bcf30e3eab66d43572c"},
    {file = "PyQt6_sip-13.8.0-cp311-cp311-manylinux_2_17_aarch64.manylinux2014_aarch64.whl", hash = "sha256:beaddc1ec96b342f4e239702f91802706a80cb403166c2da318cec4ad8b790cb"},
    {file = "PyQt6_sip-13.8.0-cp311-cp311-manylinux_2_5_x86_64.manylinux1_x86_64.whl", hash = "sha256:a5c086b7c9c7996ea9b7522646cc24eebbf3591ec9dd38f65c0a3fdb0dbeaac7"},
    {file = "PyQt6_sip-13.8.0-cp311-cp311-win_amd64.whl", hash = "sha256:dd168667addf01f8a4b0fa7755323e43e4cd12ca4bade558c61f713a5d48ba1a"},
    {file = "PyQt6_sip-13.8.0-cp312-cp312-macosx_10_9_universal2.whl", hash = "sha256:33d9b399fc9c9dc99496266842b0fb2735d924604774e97cf9b555667cc0fc59"},
    {file = "PyQt6_sip-13.8.0-cp312-cp312-manylinux_2_17_aarch64.manylinux2014_aarch64.whl", hash = "sha256:056af69d1d8d28d5968066ec5da908afd82fc0be07b67cf2b84b9f02228416ce"},
    {file = "PyQt6_sip-13.8.0-cp312-cp312-manylinux_2_5_x86_64.manylinux1_x86_64.whl", hash = "sha256:08dd81037a2864982ece2bf9891f3bf4558e247034e112993ea1a3fe239458cb"},
    {file = "PyQt6_sip-13.8.0-cp312-cp312-win_amd64.whl", hash = "sha256:fbb249b82c53180f1420571ece5dc24fea1188ba435923edd055599dffe7abfb"},
    {file = "PyQt6_sip-13.8.0-cp38-cp38-macosx_11_0_universal2.whl", hash = "sha256:6bce6bc5870d9e87efe5338b1ee4a7b9d7d26cdd16a79a5757d80b6f25e71edc"},
    {file = "PyQt6_sip-13.8.0-cp38-cp38-manylinux_2_17_aarch64.manylinux2014_aarch64.whl", hash = "sha256:cd81144b0770084e8005d3a121c9382e6f9bc8d0bb320dd618718ffe5090e0e6"},
    {file = "PyQt6_sip-13.8.0-cp38-cp38-manylinux_2_5_x86_64.manylinux1_x86_64.whl", hash = "sha256:755beb5d271d081e56618fb30342cdd901464f721450495cb7cb0212764da89e"},
    {file = "PyQt6_sip-13.8.0-cp38-cp38-win_amd64.whl", hash = "sha256:7a0bbc0918eab5b6351735d40cf22cbfa5aa2476b55e0d5fe881aeed7d871c29"},
    {file = "PyQt6_sip-13.8.0-cp39-cp39-macosx_10_9_universal2.whl", hash = "sha256:7f84c472afdc7d316ff683f63129350d645ef82d9b3fd75a609b08472d1f7291"},
    {file = "PyQt6_sip-13.8.0-cp39-cp39-manylinux_2_17_aarch64.manylinux2014_aarch64.whl", hash = "sha256:b1bf29e95f10a8a00819dac804ca7e5eba5fc1769adcd74c837c11477bf81954"},
    {file = "PyQt6_sip-13.8.0-cp39-cp39-manylinux_2_5_x86_64.manylinux1_x86_64.whl", hash = "sha256:9ea9223c94906efd68148f12ae45b51a21d67e86704225ddc92bce9c54e4d93c"},
    {file = "PyQt6_sip-13.8.0-cp39-cp39-win_amd64.whl", hash = "sha256:2559afa68825d08de09d71c42f3b6ad839dcc30f91e7c6d0785e07830d5541a5"},
    {file = "PyQt6_sip-13.8.0.tar.gz", hash = "sha256:2f74cf3d6d9cab5152bd9f49d570b2dfb87553ebb5c4919abfde27f5b9fd69d4"},
]

[metadata]
lock-version = "2.1"
python-versions = "^3.12"
content-hash = "50c2adfa4290285547a12b518618579eba1c2eca33f469480bd6a95b9de8f5af"
